<?xml version="1.0" encoding="UTF-8" standalone="yes" ?>
<CodeBlocks_project_file>
	<FileVersion major="1" minor="6" />
	<Project>
		<Option title="simple_nav" />
		<Option makefile_is_custom="1" />
		<Option pch_mode="2" />
		<Option compiler="gcc" />
		<MakeCommands>
			<Build command="$make -f $makefile " />
			<CompileFile command="$make -f $makefile $file" />
			<Clean command="$make -f $makefile clean" />
			<DistClean command="$make -f $makefile distclean$target" />
			<AskRebuildNeeded command="$make -q -f $makefile " />
			<SilentBuild command="$make -s -f $makefile" />
		</MakeCommands>
		<Build>
			<Target title="Debug">
				<Option output="bin/simple_nav" prefix_auto="1" extension_auto="1" />
				<Option object_output="obj/Debug/" />
				<Option type="1" />
				<Option compiler="gcc" />
				<Compiler>
					<Add option="-g" />
					<Add option="-I/opt/ros/hydro/include" />
					<Add directory="../simple_nav" />
				</Compiler>
				<Linker>
					<Add option="-L/opt/ros/hydro/lib" />
					<Add option="-lroscpp" />
					<Add option="-lrostime" />
					<Add option="-lrosconsole" />
					<Add option="-lroscpp_serialization" />
					<Add option="-lxmlrpcpp" />
					<Add option="-lboost_system" />
				</Linker>
				<MakeCommands>
					<Build command="$make -f $makefile " />
					<CompileFile command="$make -f $makefile $file" />
					<Clean command="$make -f $makefile clean" />
					<DistClean command="$make -f $makefile distclean$target" />
					<AskRebuildNeeded command="$make -q -f $makefile " />
					<SilentBuild command="$make -s -f $makefile " />
				</MakeCommands>
			</Target>
			<Target title="Release">
				<Option output="bin/Release/simple_nav" prefix_auto="1" extension_auto="1" />
				<Option object_output="obj/Release/" />
				<Option type="1" />
				<Option compiler="gcc" />
				<Compiler>
					<Add option="-O2" />
					<Add directory="../simple_nav" />
				</Compiler>
				<Linker>
					<Add option="-s" />
				</Linker>
			</Target>
		</Build>
		<Compiler>
			<Add option="-Wall" />
			<Add option="-fexceptions" />
		</Compiler>
		<Unit filename="src/MoveProcessing.cpp" />
		<Unit filename="src/MoveProcessing.h" />
		<Unit filename="src/PathFilter.cpp" />
		<Unit filename="src/PathFilter.h" />
		<Unit filename="src/PathProcessing.cpp" />
		<Unit filename="src/PathProcessing.h" />
		<Unit filename="src/simple_nav.cpp" />
		<Unit filename="src/simple_nav.h" />
		<Extensions>
			<code_completion />
			<debugger>
				<remote_debugging target="Debug">
					<options conn_type="0" serial_baud="115200" ip_address="127.0.0.1" ip_port="10000" />
				</remote_debugging>
			</debugger>
		</Extensions>
	</Project>
</CodeBlocks_project_file>
